
Microsoft Visual Studio Solution File, Format Version 12.00
# Visual Studio 15
VisualStudioVersion = 15.0.27428.2037
MinimumVisualStudioVersion = 10.0.40219.1
Project("{FAE04EC0-301F-11D3-BF4B-00C04F79EFBC}") = "FlightsManager.Web", "FlightsManager\FlightsManager.Web.csproj", "{A68E63DF-AE67-422E-AF13-901970671EBD}"
EndProject
Project("{FAE04EC0-301F-11D3-BF4B-00C04F79EFBC}") = "FlightsManager.DataTransferObjects", "FlightsManager.DataTransferObjects\FlightsManager.DataTransferObjects.csproj", "{95FD4CED-579B-4B41-AD8B-A1D48CCEE166}"
EndProject
Project("{FAE04EC0-301F-11D3-BF4B-00C04F79EFBC}") = "FlightsManager.Services", "FlightsManager.Services\FlightsManager.Services.csproj", "{E4B27150-5385-4D0F-BEF7-2F57B22A824B}"
EndProject
Project("{FAE04EC0-301F-11D3-BF4B-00C04F79EFBC}") = "FlightsManager.Model", "FlightsManager.Model\FlightsManager.Model.csproj", "{B894DAA0-50AB-4E65-9AAD-0F21766E113A}"
EndProject
Project("{FAE04EC0-301F-11D3-BF4B-00C04F79EFBC}") = "FlightsManager.Data", "FlightsManager.Provider\FlightsManager.Data.csproj", "{CAC8286B-8B32-4C7D-89D4-66C969DBE01C}"
EndProject
Global
	GlobalSection(SolutionConfigurationPlatforms) = preSolution
		Debug|Any CPU = Debug|Any CPU
		Release|Any CPU = Release|Any CPU
	EndGlobalSection
	GlobalSection(ProjectConfigurationPlatforms) = postSolution
		{A68E63DF-AE67-422E-AF13-901970671EBD}.Debug|Any CPU.ActiveCfg = Debug|Any CPU
		{A68E63DF-AE67-422E-AF13-901970671EBD}.Debug|Any CPU.Build.0 = Debug|Any CPU
		{A68E63DF-AE67-422E-AF13-901970671EBD}.Release|Any CPU.ActiveCfg = Release|Any CPU
		{A68E63DF-AE67-422E-AF13-901970671EBD}.Release|Any CPU.Build.0 = Release|Any CPU
		{95FD4CED-579B-4B41-AD8B-A1D48CCEE166}.Debug|Any CPU.ActiveCfg = Debug|Any CPU
		{95FD4CED-579B-4B41-AD8B-A1D48CCEE166}.Debug|Any CPU.Build.0 = Debug|Any CPU
		{95FD4CED-579B-4B41-AD8B-A1D48CCEE166}.Release|Any CPU.ActiveCfg = Release|Any CPU
		{95FD4CED-579B-4B41-AD8B-A1D48CCEE166}.Release|Any CPU.Build.0 = Release|Any CPU
		{E4B27150-5385-4D0F-BEF7-2F57B22A824B}.Debug|Any CPU.ActiveCfg = Debug|Any CPU
		{E4B27150-5385-4D0F-BEF7-2F57B22A824B}.Debug|Any CPU.Build.0 = Debug|Any CPU
		{E4B27150-5385-4D0F-BEF7-2F57B22A824B}.Release|Any CPU.ActiveCfg = Release|Any CPU
		{E4B27150-5385-4D0F-BEF7-2F57B22A824B}.Release|Any CPU.Build.0 = Release|Any CPU
		{B894DAA0-50AB-4E65-9AAD-0F21766E113A}.Debug|Any CPU.ActiveCfg = Debug|Any CPU
		{B894DAA0-50AB-4E65-9AAD-0F21766E113A}.Debug|Any CPU.Build.0 = Debug|Any CPU
		{B894DAA0-50AB-4E65-9AAD-0F21766E113A}.Release|Any CPU.ActiveCfg = Release|Any CPU
		{B894DAA0-50AB-4E65-9AAD-0F21766E113A}.Release|Any CPU.Build.0 = Release|Any CPU
		{CAC8286B-8B32-4C7D-89D4-66C969DBE01C}.Debug|Any CPU.ActiveCfg = Debug|Any CPU
		{CAC8286B-8B32-4C7D-89D4-66C969DBE01C}.Debug|Any CPU.Build.0 = Debug|Any CPU
		{CAC8286B-8B32-4C7D-89D4-66C969DBE01C}.Release|Any CPU.ActiveCfg = Release|Any CPU
		{CAC8286B-8B32-4C7D-89D4-66C969DBE01C}.Release|Any CPU.Build.0 = Release|Any CPU
	EndGlobalSection
	GlobalSection(SolutionProperties) = preSolution
		HideSolutionNode = FALSE
	EndGlobalSection
	GlobalSection(ExtensibilityGlobals) = postSolution
		SolutionGuid = {D5D83639-FEB4-4E0A-A203-93C7F167722C}
	EndGlobalSection
EndGlobal
